// !$*UTF8*$!
{
	archiveVersion = 1;
	classes = {
	};
	objectVersion = 46;
	objects = {

/* Begin PBXBuildFile section */
		A5D7FC351E427173006F4F41 /* AppDelegate.swift in Sources */ = {isa = PBXBuildFile; fileRef = A5D7FC341E427173006F4F41 /* AppDelegate.swift */; };
		A5D7FC371E427173006F4F41 /* ViewController.swift in Sources */ = {isa = PBXBuildFile; fileRef = A5D7FC361E427173006F4F41 /* ViewController.swift */; };
		A5D7FC3A1E427173006F4F41 /* Main.storyboard in Resources */ = {isa = PBXBuildFile; fileRef = A5D7FC381E427173006F4F41 /* Main.storyboard */; };
		A5D7FC3C1E427173006F4F41 /* Assets.xcassets in Resources */ = {isa = PBXBuildFile; fileRef = A5D7FC3B1E427173006F4F41 /* Assets.xcassets */; };
		A5D7FC3F1E427173006F4F41 /* LaunchScreen.storyboard in Resources */ = {isa = PBXBuildFile; fileRef = A5D7FC3D1E427173006F4F41 /* LaunchScreen.storyboard */; };
		A5D7FC4A1E427173006F4F41 /* TestesUnitariosTests.swift in Sources */ = {isa = PBXBuildFile; fileRef = A5D7FC491E427173006F4F41 /* TestesUnitariosTests.swift */; };
/* End PBXBuildFile section */

/* Begin PBXContainerItemProxy section */
		A5D7FC461E427173006F4F41 /* PBXContainerItemProxy */ = {
			isa = PBXContainerItemProxy;
			containerPortal = A5D7FC291E427173006F4F41 /* Project object */;
			proxyType = 1;
			remoteGlobalIDString = A5D7FC301E427173006F4F41;
			remoteInfo = TestesUnitarios;
		};
/* End PBXContainerItemProxy section */

/* Begin PBXFileReference section */
		A5D7FC311E427173006F4F41 /* TestesUnitarios.app */ = {isa = PBXFileReference; explicitFileType = wrapper.application; includeInIndex = 0; path = TestesUnitarios.app; sourceTree = BUILT_PRODUCTS_DIR; };
		A5D7FC341E427173006F4F41 /* AppDelegate.swift */ = {isa = PBXFileReference; lastKnownFileType = sourcecode.swift; path = AppDelegate.swift; sourceTree = "<group>"; };
		A5D7FC361E427173006F4F41 /* ViewController.swift */ = {isa = PBXFileReference; lastKnownFileType = sourcecode.swift; path = ViewController.swift; sourceTree = "<group>"; };
		A5D7FC391E427173006F4F41 /* Base */ = {isa = PBXFileReference; lastKnownFileType = file.storyboard; name = Base; path = Base.lproj/Main.storyboard; sourceTree = "<group>"; };
		A5D7FC3B1E427173006F4F41 /* Assets.xcassets */ = {isa = PBXFileReference; lastKnownFileType = folder.assetcatalog; path = Assets.xcassets; sourceTree = "<group>"; };
		A5D7FC3E1E427173006F4F41 /* Base */ = {isa = PBXFileReference; lastKnownFileType = file.storyboard; name = Base; path = Base.lproj/LaunchScreen.storyboard; sourceTree = "<group>"; };
		A5D7FC401E427173006F4F41 /* Info.plist */ = {isa = PBXFileReference; lastKnownFileType = text.plist.xml; path = Info.plist; sourceTree = "<group>"; };
		A5D7FC451E427173006F4F41 /* TestesUnitariosTests.xctest */ = {isa = PBXFileReference; explicitFileType = wrapper.cfbundle; includeInIndex = 0; path = TestesUnitariosTests.xctest; sourceTree = BUILT_PRODUCTS_DIR; };
		A5D7FC491E427173006F4F41 /* TestesUnitariosTests.swift */ = {isa = PBXFileReference; lastKnownFileType = sourcecode.swift; path = TestesUnitariosTests.swift; sourceTree = "<group>"; };
		A5D7FC4B1E427173006F4F41 /* Info.plist */ = {isa = PBXFileReference; lastKnownFileType = text.plist.xml; path = Info.plist; sourceTree = "<group>"; };
/* End PBXFileReference section */

/* Begin PBXFrameworksBuildPhase section */
		A5D7FC2E1E427173006F4F41 /* Frameworks */ = {
			isa = PBXFrameworksBuildPhase;
			buildActionMask = 2147483647;
			files = (
			);
			runOnlyForDeploymentPostprocessing = 0;
		};
		A5D7FC421E427173006F4F41 /* Frameworks */ = {
			isa = PBXFrameworksBuildPhase;
			buildActionMask = 2147483647;
			files = (
			);
			runOnlyForDeploymentPostprocessing = 0;
		};
/* End PBXFrameworksBuildPhase section */

/* Begin PBXGroup section */
		A5D7FC281E427173006F4F41 = {
			isa = PBXGroup;
			children = (
				A5D7FC331E427173006F4F41 /* TestesUnitarios */,
				A5D7FC481E427173006F4F41 /* TestesUnitariosTests */,
				A5D7FC321E427173006F4F41 /* Products */,
			);
			sourceTree = "<group>";
		};
		A5D7FC321E427173006F4F41 /* Products */ = {
			isa = PBXGroup;
			children = (
				A5D7FC311E427173006F4F41 /* TestesUnitarios.app */,
				A5D7FC451E427173006F4F41 /* TestesUnitariosTests.xctest */,
			);
			name = Products;
			sourceTree = "<group>";
		};
		A5D7FC331E427173006F4F41 /* TestesUnitarios */ = {
			isa = PBXGroup;
			children = (
				A5D7FC341E427173006F4F41 /* AppDelegate.swift */,
				A5D7FC361E427173006F4F41 /* ViewController.swift */,
				A5D7FC381E427173006F4F41 /* Main.storyboard */,
				A5D7FC3B1E427173006F4F41 /* Assets.xcassets */,
				A5D7FC3D1E427173006F4F41 /* LaunchScreen.storyboard */,
				A5D7FC401E427173006F4F41 /* Info.plist */,
			);
			path = TestesUnitarios;
			sourceTree = "<group>";
		};
		A5D7FC481E427173006F4F41 /* TestesUnitariosTests */ = {
			isa = PBXGroup;
			children = (
				A5D7FC491E427173006F4F41 /* TestesUnitariosTests.swift */,
				A5D7FC4B1E427173006F4F41 /* Info.plist */,
			);
			path = TestesUnitariosTests;
			sourceTree = "<group>";
		};
/* End PBXGroup section */

/* Begin PBXNativeTarget section */
		A5D7FC301E427173006F4F41 /* TestesUnitarios */ = {
			isa = PBXNativeTarget;
			buildConfigurationList = A5D7FC4E1E427173006F4F41 /* Build configuration list for PBXNativeTarget "TestesUnitarios" */;
			buildPhases = (
				A5D7FC2D1E427173006F4F41 /* Sources */,
				A5D7FC2E1E427173006F4F41 /* Frameworks */,
				A5D7FC2F1E427173006F4F41 /* Resources */,
			);
			buildRules = (
			);
			dependencies = (
			);
			name = TestesUnitarios;
			productName = TestesUnitarios;
			productReference = A5D7FC311E427173006F4F41 /* TestesUnitarios.app */;
			productType = "com.apple.product-type.application";
		};
		A5D7FC441E427173006F4F41 /* TestesUnitariosTests */ = {
			isa = PBXNativeTarget;
			buildConfigurationList = A5D7FC511E427173006F4F41 /* Build configuration list for PBXNativeTarget "TestesUnitariosTests" */;
			buildPhases = (
				A5D7FC411E427173006F4F41 /* Sources */,
				A5D7FC421E427173006F4F41 /* Frameworks */,
				A5D7FC431E427173006F4F41 /* Resources */,
			);
			buildRules = (
			);
			dependencies = (
				A5D7FC471E427173006F4F41 /* PBXTargetDependency */,
			);
			name = TestesUnitariosTests;
			productName = TestesUnitariosTests;
			productReference = A5D7FC451E427173006F4F41 /* TestesUnitariosTests.xctest */;
			productType = "com.apple.product-type.bundle.unit-test";
		};
/* End PBXNativeTarget section */

/* Begin PBXProject section */
		A5D7FC291E427173006F4F41 /* Project object */ = {
			isa = PBXProject;
			attributes = {
				LastSwiftUpdateCheck = 0820;
				LastUpgradeCheck = 0820;
				ORGANIZATIONNAME = "Alliston Aleixo";
				TargetAttributes = {
					A5D7FC301E427173006F4F41 = {
						CreatedOnToolsVersion = 8.2.1;
						DevelopmentTeam = DLA5J5JEZ2;
						ProvisioningStyle = Automatic;
					};
					A5D7FC441E427173006F4F41 = {
						CreatedOnToolsVersion = 8.2.1;
						DevelopmentTeam = DLA5J5JEZ2;
						ProvisioningStyle = Automatic;
						TestTargetID = A5D7FC301E427173006F4F41;
					};
				};
			};
			buildConfigurationList = A5D7FC2C1E427173006F4F41 /* Build configuration list for PBXProject "TestesUnitarios" */;
			compatibilityVersion = "Xcode 3.2";
			developmentRegion = English;
			hasScannedForEncodings = 0;
			knownRegions = (
				en,
				Base,
			);
			mainGroup = A5D7FC281E427173006F4F41;
			productRefGroup = A5D7FC321E427173006F4F41 /* Products */;
			projectDirPath = "";
			projectRoot = "";
			targets = (
				A5D7FC301E427173006F4F41 /* TestesUnitarios */,
				A5D7FC441E427173006F4F41 /* TestesUnitariosTests */,
			);
		};
/* End PBXProject section */

/* Begin PBXResourcesBuildPhase section */
		A5D7FC2F1E427173006F4F41 /* Resources */ = {
			isa = PBXResourcesBuildPhase;
			buildActionMask = 2147483647;
			files = (
				A5D7FC3F1E427173006F4F41 /* LaunchScreen.storyboard in Resources */,
				A5D7FC3C1E427173006F4F41 /* Assets.xcassets in Resources */,
				A5D7FC3A1E427173006F4F41 /* Main.storyboard in Resources */,
			);
			runOnlyForDeploymentPostprocessing = 0;
		};
		A5D7FC431E427173006F4F41 /* Resources */ = {
			isa = PBXResourcesBuildPhase;
			buildActionMask = 2147483647;
			files = (
			);
			runOnlyForDeploymentPostprocessing = 0;
		};
/* End PBXResourcesBuildPhase section */

/* Begin PBXSourcesBuildPhase section */
		A5D7FC2D1E427173006F4F41 /* Sources */ = {
			isa = PBXSourcesBuildPhase;
			buildActionMask = 2147483647;
			files = (
				A5D7FC371E427173006F4F41 /* ViewController.swift in Sources */,
				A5D7FC351E427173006F4F41 /* AppDelegate.swift in Sources */,
			);
			runOnlyForDeploymentPostprocessing = 0;
		};
		A5D7FC411E427173006F4F41 /* Sources */ = {
			isa = PBXSourcesBuildPhase;
			buildActionMask = 2147483647;
			files = (
				A5D7FC4A1E427173006F4F41 /* TestesUnitariosTests.swift in Sources */,
			);
			runOnlyForDeploymentPostprocessing = 0;
		};
/* End PBXSourcesBuildPhase section */

/* Begin PBXTargetDependency section */
		A5D7FC471E427173006F4F41 /* PBXTargetDependency */ = {
			isa = PBXTargetDependency;
			target = A5D7FC301E427173006F4F41 /* TestesUnitarios */;
			targetProxy = A5D7FC461E427173006F4F41 /* PBXContainerItemProxy */;
		};
/* End PBXTargetDependency section */

/* Begin PBXVariantGroup section */
		A5D7FC381E427173006F4F41 /* Main.storyboard */ = {
			isa = PBXVariantGroup;
			children = (
				A5D7FC391E427173006F4F41 /* Base */,
			);
			name = Main.storyboard;
			sourceTree = "<group>";
		};
		A5D7FC3D1E427173006F4F41 /* LaunchScreen.storyboard */ = {
			isa = PBXVariantGroup;
			children = (
				A5D7FC3E1E427173006F4F41 /* Base */,
			);
			name = LaunchScreen.storyboard;
			sourceTree = "<group>";
		};
/* End PBXVariantGroup section */

/* Begin XCBuildConfiguration section */
		A5D7FC4C1E427173006F4F41 /* Debug */ = {
			isa = XCBuildConfiguration;
			buildSettings = {
				ALWAYS_SEARCH_USER_PATHS = NO;
				CLANG_ANALYZER_NONNULL = YES;
				CLANG_CXX_LANGUAGE_STANDARD = "gnu++0x";
				CLANG_CXX_LIBRARY = "libc++";
				CLANG_ENABLE_MODULES = YES;
				CLANG_ENABLE_OBJC_ARC = YES;
				CLANG_WARN_BOOL_CONVERSION = YES;
				CLANG_WARN_CONSTANT_CONVERSION = YES;
				CLANG_WARN_DIRECT_OBJC_ISA_USAGE = YES_ERROR;
				CLANG_WARN_DOCUMENTATION_COMMENTS = YES;
				CLANG_WARN_EMPTY_BODY = YES;
				CLANG_WARN_ENUM_CONVERSION = YES;
				CLANG_WARN_INFINITE_RECURSION = YES;
				CLANG_WARN_INT_CONVERSION = YES;
				CLANG_WARN_OBJC_ROOT_CLASS = YES_ERROR;
				CLANG_WARN_SUSPICIOUS_MOVE = YES;
				CLANG_WARN_UNREACHABLE_CODE = YES;
				CLANG_WARN__DUPLICATE_METHOD_MATCH = YES;
				"CODE_SIGN_IDENTITY[sdk=iphoneos*]" = "iPhone Developer";
				COPY_PHASE_STRIP = NO;
				DEBUG_INFORMATION_FORMAT = dwarf;
				ENABLE_STRICT_OBJC_MSGSEND = YES;
				ENABLE_TESTABILITY = YES;
				GCC_C_LANGUAGE_STANDARD = gnu99;
				GCC_DYNAMIC_NO_PIC = NO;
				GCC_NO_COMMON_BLOCKS = YES;
				GCC_OPTIMIZATION_LEVEL = 0;
				GCC_PREPROCESSOR_DEFINITIONS = (
					"DEBUG=1",
					"$(inherited)",
				);
				GCC_WARN_64_TO_32_BIT_CONVERSION = YES;
				GCC_WARN_ABOUT_RETURN_TYPE = YES_ERROR;
				GCC_WARN_UNDECLARED_SELECTOR = YES;
				GCC_WARN_UNINITIALIZED_AUTOS = YES_AGGRESSIVE;
				GCC_WARN_UNUSED_FUNCTION = YES;
				GCC_WARN_UNUSED_VARIABLE = YES;
				IPHONEOS_DEPLOYMENT_TARGET = 10.2;
				MTL_ENABLE_DEBUG_INFO = YES;
				ONLY_ACTIVE_ARCH = YES;
				SDKROOT = iphoneos;
				SWIFT_ACTIVE_COMPILATION_CONDITIONS = DEBUG;
				SWIFT_OPTIMIZATION_LEVEL = "-Onone";
				TARGETED_DEVICE_FAMILY = "1,2";
			};
			name = Debug;
		};
		A5D7FC4D1E427173006F4F41 /* Release */ = {
			isa = XCBuildConfiguration;
			buildSettings = {
				ALWAYS_SEARCH_USER_PATHS = NO;
				CLANG_ANALYZER_NONNULL = YES;
				CLANG_CXX_LANGUAGE_STANDARD = "gnu++0x";
				CLANG_CXX_LIBRARY = "libc++";
				CLANG_ENABLE_MODULES = YES;
				CLANG_ENABLE_OBJC_ARC = YES;
				CLANG_WARN_BOOL_CONVERSION = YES;
				CLANG_WARN_CONSTANT_CONVERSION = YES;
				CLANG_WARN_DIRECT_OBJC_ISA_USAGE = YES_ERROR;
				CLANG_WARN_DOCUMENTATION_COMMENTS = YES;
				CLANG_WARN_EMPTY_BODY = YES;
				CLANG_WARN_ENUM_CONVERSION = YES;
				CLANG_WARN_INFINITE_RECURSION = YES;
				CLANG_WARN_INT_CONVERSION = YES;
				CLANG_WARN_OBJC_ROOT_CLASS = YES_ERROR;
				CLANG_WARN_SUSPICIOUS_MOVE = YES;
				CLANG_WARN_UNREACHABLE_CODE = YES;
				CLANG_WARN__DUPLICATE_METHOD_MATCH = YES;
				"CODE_SIGN_IDENTITY[sdk=iphoneos*]" = "iPhone Developer";
				COPY_PHASE_STRIP = NO;
				DEBUG_INFORMATION_FORMAT = "dwarf-with-dsym";
				ENABLE_NS_ASSERTIONS = NO;
				ENABLE_STRICT_OBJC_MSGSEND = YES;
				GCC_C_LANGUAGE_STANDARD = gnu99;
				GCC_NO_COMMON_BLOCKS = YES;
				GCC_WARN_64_TO_32_BIT_CONVERSION = YES;
				GCC_WARN_ABOUT_RETURN_TYPE = YES_ERROR;
				GCC_WARN_UNDECLARED_SELECTOR = YES;
				GCC_WARN_UNINITIALIZED_AUTOS = YES_AGGRESSIVE;
				GCC_WARN_UNUSED_FUNCTION = YES;
				GCC_WARN_UNUSED_VARIABLE = YES;
				IPHONEOS_DEPLOYMENT_TARGET = 10.2;
				MTL_ENABLE_DEBUG_INFO = NO;
				SDKROOT = iphoneos;
				SWIFT_OPTIMIZATION_LEVEL = "-Owholemodule";
				TARGETED_DEVICE_FAMILY = "1,2";
				VALIDATE_PRODUCT = YES;
			};
			name = Release;
		};
		A5D7FC4F1E427173006F4F41 /* Debug */ = {
			isa = XCBuildConfiguration;
			buildSettings = {
				ASSETCATALOG_COMPILER_APPICON_NAME = AppIcon;
				DEVELOPMENT_TEAM = DLA5J5JEZ2;
				INFOPLIST_FILE = TestesUnitarios/Info.plist;
				LD_RUNPATH_SEARCH_PATHS = "$(inherited) @executable_path/Frameworks";
				PRODUCT_BUNDLE_IDENTIFIER = blogAlliston.TestesUnitarios;
				PRODUCT_NAME = "$(TARGET_NAME)";
				SWIFT_VERSION = 3.0;
			};
			name = Debug;
		};
		A5D7FC501E427173006F4F41 /* Release */ = {
			isa = XCBuildConfiguration;
			buildSettings = {
				ASSETCATALOG_COMPILER_APPICON_NAME = AppIcon;
				DEVELOPMENT_TEAM = DLA5J5JEZ2;
				INFOPLIST_FILE = TestesUnitarios/Info.plist;
				LD_RUNPATH_SEARCH_PATHS = "$(inherited) @executable_path/Frameworks";
				PRODUCT_BUNDLE_IDENTIFIER = blogAlliston.TestesUnitarios;
				PRODUCT_NAME = "$(TARGET_NAME)";
				SWIFT_VERSION = 3.0;
			};
			name = Release;
		};
		A5D7FC521E427173006F4F41 /* Debug */ = {
			isa = XCBuildConfiguration;
			buildSettings = {
				ALWAYS_EMBED_SWIFT_STANDARD_LIBRARIES = YES;
				BUNDLE_LOADER = "$(TEST_HOST)";
				DEVELOPMENT_TEAM = DLA5J5JEZ2;
				INFOPLIST_FILE = TestesUnitariosTests/Info.plist;
				LD_RUNPATH_SEARCH_PATHS = "$(inherited) @executable_path/Frameworks @loader_path/Frameworks";
				PRODUCT_BUNDLE_IDENTIFIER = blogAlliston.TestesUnitariosTests;
				PRODUCT_NAME = "$(TARGET_NAME)";
				SWIFT_VERSION = 3.0;
				TEST_HOST = "$(BUILT_PRODUCTS_DIR)/TestesUnitarios.app/TestesUnitarios";
			};
			name = Debug;
		};
		A5D7FC531E427173006F4F41 /* Release */ = {
			isa = XCBuildConfiguration;
			buildSettings = {
				ALWAYS_EMBED_SWIFT_STANDARD_LIBRARIES = YES;
				BUNDLE_LOADER = "$(TEST_HOST)";
				DEVELOPMENT_TEAM = DLA5J5JEZ2;
				INFOPLIST_FILE = TestesUnitariosTests/Info.plist;
				LD_RUNPATH_SEARCH_PATHS = "$(inherited) @executable_path/Frameworks @loader_path/Frameworks";
				PRODUCT_BUNDLE_IDENTIFIER = blogAlliston.TestesUnitariosTests;
				PRODUCT_NAME = "$(TARGET_NAME)";
				SWIFT_VERSION = 3.0;
				TEST_HOST = "$(BUILT_PRODUCTS_DIR)/TestesUnitarios.app/TestesUnitarios";
			};
			name = Release;
		};
/* End XCBuildConfiguration section */

/* Begin XCConfigurationList section */
		A5D7FC2C1E427173006F4F41 /* Build configuration list for PBXProject "TestesUnitarios" */ = {
			isa = XCConfigurationList;
			buildConfigurations = (
				A5D7FC4C1E427173006F4F41 /* Debug */,
				A5D7FC4D1E427173006F4F41 /* Release */,
			);
			defaultConfigurationIsVisible = 0;
			defaultConfigurationName = Release;
		};
		A5D7FC4E1E427173006F4F41 /* Build configuration list for PBXNativeTarget "TestesUnitarios" */ = {
			isa = XCConfigurationList;
			buildConfigurations = (
				A5D7FC4F1E427173006F4F41 /* Debug */,
				A5D7FC501E427173006F4F41 /* Release */,
			);
			defaultConfigurationIsVisible = 0;
		};
		A5D7FC511E427173006F4F41 /* Build configuration list for PBXNativeTarget "TestesUnitariosTests" */ = {
			isa = XCConfigurationList;
			buildConfigurations = (
				A5D7FC521E427173006F4F41 /* Debug */,
				A5D7FC531E427173006F4F41 /* Release */,
			);
			defaultConfigurationIsVisible = 0;
		};
/* End XCConfigurationList section */
	};
	rootObject = A5D7FC291E427173006F4F41 /* Project object */;
}
